// !$*UTF8*$!
{ archiveVersion = 1; classes = {}; objectVersion = 56; objects = {
A00000000000000000000001 = {isa = PBXProject; buildConfigurationList = A00000000000000000000010; compatibilityVersion = "Xcode 14.0"; developmentRegion = en; knownRegions = (en, Base); mainGroup = A00000000000000000000002; productRefGroup = A00000000000000000000003; projectDirPath = ""; projectRoot = ""; targets = (A00000000000000000000004); };
A00000000000000000000002 = {isa = PBXGroup; children = (B00000000000000000000000,B00000000000000000000001,B00000000000000000000002,B00000000000000000000003,B00000000000000000000004,B00000000000000000000005,A00000000000000000000026,A00000000000000000000025,A00000000000000000000021,A00000000000000000000023,A00000000000000000000024,A00000000000000000000020, A00000000000000000000019, A00000000000000000000005, A00000000000000000000016, A00000000000000000000003); sourceTree = "<group>"; };
A00000000000000000000003 = {isa = PBXGroup; children = (A00000000000000000000006); name = Products; sourceTree = "<group>"; };
A00000000000000000000004 = {isa = PBXNativeTarget; buildConfigurationList = A00000000000000000000011; buildPhases = (A00000000000000000000008,A00000000000000000000009,A00000000000000000000018); buildRules = (); dependencies = (); name = MenuBarCompact; productName = MenuBarCompact; productReference = A00000000000000000000006; productType = "com.apple.product-type.application"; };
A00000000000000000000005 = {isa = PBXFileReference; lastKnownFileType = sourcecode.swift; path = main.swift; sourceTree = "<group>"; };
A00000000000000000000006 = {isa = PBXFileReference; explicitFileType = wrapper.application; path = MenuBarCompact.app; sourceTree = BUILT_PRODUCTS_DIR; };
A00000000000000000000007 = {isa = PBXBuildFile; fileRef = A00000000000000000000005; };
A00000000000000000000008 = {isa = PBXSourcesBuildPhase; buildActionMask = 2147483647; files = (A00000000000000000000007,A00000000000000000000022,C00000000000000000000000,C00000000000000000000001,C00000000000000000000002,C00000000000000000000003,C00000000000000000000004,C00000000000000000000005,D00000000000000000000019,D00000000000000000000020,D00000000000000000000024,D00000000000000000000025,D00000000000000000000026); runOnlyForDeploymentPostprocessing = 0; };
A00000000000000000000009 = {isa = PBXFrameworksBuildPhase; buildActionMask = 2147483647; files = (); runOnlyForDeploymentPostprocessing = 0; };
A00000000000000000000010 = {isa = XCConfigurationList; buildConfigurations = (A00000000000000000000012,A00000000000000000000013); defaultConfigurationIsVisible = 0; defaultConfigurationName = Release; };
A00000000000000000000011 = {isa = XCConfigurationList; buildConfigurations = (A00000000000000000000014,A00000000000000000000015); defaultConfigurationIsVisible = 0; defaultConfigurationName = Release; };
A00000000000000000000012 = {isa = XCBuildConfiguration; name = Debug; buildSettings = {CLANG_ENABLE_OBJC_ARC = YES; ALWAYS_SEARCH_USER_PATHS = NO; SDKROOT = macosx; MACOSX_DEPLOYMENT_TARGET = 27.0; }; };
A00000000000000000000013 = {isa = XCBuildConfiguration; name = Release; buildSettings = {SWIFT_OPTIMIZATION_LEVEL = "-O"; SWIFT_COMPILATION_MODE = wholemodule; GCC_OPTIMIZATION_LEVEL = s; CLANG_ENABLE_OBJC_ARC = YES; ALWAYS_SEARCH_USER_PATHS = NO; SDKROOT = macosx; MACOSX_DEPLOYMENT_TARGET = 27.0; }; };
A00000000000000000000014 = {isa = XCBuildConfiguration; name = Debug; buildSettings = {PRODUCT_NAME = "$(TARGET_NAME)"; PRODUCT_BUNDLE_IDENTIFIER = io.github.iamwrm.MenuBarCompact; GENERATE_INFOPLIST_FILE = YES; INFOPLIST_KEY_NSPrincipalClass = NSApplication; CODE_SIGN_IDENTITY = "Apple Development"; CODE_SIGN_STYLE = Manual; ENABLE_APP_SANDBOX = NO; INFOPLIST_KEY_LSUIElement = YES; INFOPLIST_KEY_CFBundleDisplayName = MenuBarCompact; SWIFT_VERSION = 5.0; SWIFT_OBJC_BRIDGING_HEADER = RestrictionBridge.h; CLANG_ENABLE_MODULES = YES; MARKETING_VERSION = 0.7.0; CURRENT_PROJECT_VERSION = 16; OTHER_LDFLAGS = ("-framework",Cocoa,"-framework",ServiceManagement,"-framework",ApplicationServices); }; };
A00000000000000000000015 = {isa = XCBuildConfiguration; name = Release; buildSettings = {PRODUCT_NAME = "$(TARGET_NAME)"; PRODUCT_BUNDLE_IDENTIFIER = io.github.iamwrm.MenuBarCompact; GENERATE_INFOPLIST_FILE = YES; INFOPLIST_KEY_NSPrincipalClass = NSApplication; CODE_SIGN_IDENTITY = "Apple Development"; CODE_SIGN_STYLE = Manual; ENABLE_APP_SANDBOX = NO; INFOPLIST_KEY_LSUIElement = YES; INFOPLIST_KEY_CFBundleDisplayName = MenuBarCompact; SWIFT_VERSION = 5.0; SWIFT_OBJC_BRIDGING_HEADER = RestrictionBridge.h; CLANG_ENABLE_MODULES = YES; MARKETING_VERSION = 0.7.0; CURRENT_PROJECT_VERSION = 16; OTHER_LDFLAGS = ("-framework",Cocoa,"-framework",ServiceManagement,"-framework",ApplicationServices); }; };
A00000000000000000000016 = {isa = PBXFileReference; lastKnownFileType = text.script.python; path = istat_workaround.py; sourceTree = "<group>"; };
A00000000000000000000017 = {isa = PBXBuildFile; fileRef = A00000000000000000000016; };
A00000000000000000000018 = {isa = PBXResourcesBuildPhase; buildActionMask = 2147483647; files = (A00000000000000000000017); runOnlyForDeploymentPostprocessing = 0; };
A00000000000000000000019 = {isa = PBXFileReference; lastKnownFileType = sourcecode.swift; path = VisibilityPolicy.swift; sourceTree = "<group>"; };
A00000000000000000000020 = {isa = PBXFileReference; lastKnownFileType = sourcecode.swift; path = MenuActivation.swift; sourceTree = "<group>"; };
A00000000000000000000021 = {isa = PBXFileReference; lastKnownFileType = sourcecode.swift; path = SystemDiscovery.swift; sourceTree = "<group>"; };
A00000000000000000000022 = {isa = PBXBuildFile; fileRef = A00000000000000000000021; };
A00000000000000000000023 = {isa = PBXFileReference; lastKnownFileType = sourcecode.c.h; path = RestrictionBridge.h; sourceTree = "<group>"; };
A00000000000000000000024 = {isa = PBXFileReference; lastKnownFileType = sourcecode.swift; path = SystemCatalog.swift; sourceTree = "<group>"; };
A00000000000000000000025 = {isa = PBXFileReference; lastKnownFileType = sourcecode.swift; path = VisibilityEditor.swift; sourceTree = "<group>"; };
A00000000000000000000026 = {isa = PBXFileReference; lastKnownFileType = sourcecode.swift; path = MaintenancePolicy.swift; sourceTree = "<group>"; };
B00000000000000000000000 = {isa = PBXFileReference; lastKnownFileType = sourcecode.swift; path = AppController.swift; sourceTree = "<group>"; };
C00000000000000000000000 = {isa = PBXBuildFile; fileRef = B00000000000000000000000; };
B00000000000000000000001 = {isa = PBXFileReference; lastKnownFileType = sourcecode.swift; path = Settings.swift; sourceTree = "<group>"; };
C00000000000000000000001 = {isa = PBXBuildFile; fileRef = B00000000000000000000001; };
B00000000000000000000002 = {isa = PBXFileReference; lastKnownFileType = sourcecode.swift; path = Overflow.swift; sourceTree = "<group>"; };
C00000000000000000000002 = {isa = PBXBuildFile; fileRef = B00000000000000000000002; };
B00000000000000000000003 = {isa = PBXFileReference; lastKnownFileType = sourcecode.swift; path = Compatibility.swift; sourceTree = "<group>"; };
C00000000000000000000003 = {isa = PBXBuildFile; fileRef = B00000000000000000000003; };
B00000000000000000000004 = {isa = PBXFileReference; lastKnownFileType = sourcecode.swift; path = VisibilityController.swift; sourceTree = "<group>"; };
C00000000000000000000004 = {isa = PBXBuildFile; fileRef = B00000000000000000000004; };
B00000000000000000000005 = {isa = PBXFileReference; lastKnownFileType = sourcecode.c.objc; path = RestrictionBridge.m; sourceTree = "<group>"; };
C00000000000000000000005 = {isa = PBXBuildFile; fileRef = B00000000000000000000005; };
D00000000000000000000019 = {isa = PBXBuildFile; fileRef = A00000000000000000000019; };
D00000000000000000000020 = {isa = PBXBuildFile; fileRef = A00000000000000000000020; };
D00000000000000000000024 = {isa = PBXBuildFile; fileRef = A00000000000000000000024; };
D00000000000000000000025 = {isa = PBXBuildFile; fileRef = A00000000000000000000025; };
D00000000000000000000026 = {isa = PBXBuildFile; fileRef = A00000000000000000000026; };
}; rootObject = A00000000000000000000001; }
